
Microsoft Visual Studio Solution File, Format Version 12.00
# Visual Studio 15
VisualStudioVersion = 15.0.26730.3
MinimumVisualStudioVersion = 10.0.40219.1
Project("{E24C65DC-7377-472B-9ABA-BC803B73C61A}") = "pwa-experiment", ".", "{9E487938-4742-416C-9EF6-B0BA1A04D23B}"
	ProjectSection(WebsiteProperties) = preProject
		TargetFrameworkMoniker = ".NETFramework,Version%3Dv4.0"
		Debug.AspNetCompiler.VirtualPath = "/localhost_61335"
		Debug.AspNetCompiler.PhysicalPath = "..\..\..\..\..\src\proj\git\portfolio-kenticocloud-pwa\pwa-experiment\"
		Debug.AspNetCompiler.TargetPath = "PrecompiledWeb\localhost_61335\"
		Debug.AspNetCompiler.Updateable = "true"
		Debug.AspNetCompiler.ForceOverwrite = "true"
		Debug.AspNetCompiler.FixedNames = "false"
		Debug.AspNetCompiler.Debug = "True"
		Release.AspNetCompiler.VirtualPath = "/localhost_61335"
		Release.AspNetCompiler.PhysicalPath = "..\..\..\..\..\src\proj\git\portfolio-kenticocloud-pwa\pwa-experiment\"
		Release.AspNetCompiler.TargetPath = "PrecompiledWeb\localhost_61335\"
		Release.AspNetCompiler.Updateable = "true"
		Release.AspNetCompiler.ForceOverwrite = "true"
		Release.AspNetCompiler.FixedNames = "false"
		Release.AspNetCompiler.Debug = "False"
		VWDPort = "61335"
	EndProjectSection
EndProject
Global
	GlobalSection(SolutionConfigurationPlatforms) = preSolution
		Debug|Any CPU = Debug|Any CPU
	EndGlobalSection
	GlobalSection(ProjectConfigurationPlatforms) = postSolution
		{9E487938-4742-416C-9EF6-B0BA1A04D23B}.Debug|Any CPU.ActiveCfg = Debug|Any CPU
		{9E487938-4742-416C-9EF6-B0BA1A04D23B}.Debug|Any CPU.Build.0 = Debug|Any CPU
	EndGlobalSection
	GlobalSection(SolutionProperties) = preSolution
		HideSolutionNode = FALSE
	EndGlobalSection
	GlobalSection(ExtensibilityGlobals) = postSolution
		SolutionGuid = {5621334F-7F10-4347-8222-6415E9AD49F0}
	EndGlobalSection
EndGlobal
